
Microsoft Visual Studio Solution File, Format Version 12.00
# Visual Studio 15
VisualStudioVersion = 15.0.28307.1022
MinimumVisualStudioVersion = 10.0.40219.1
Project("{8BC9CEB8-8B4A-11D0-8D11-00A0C91BC942}") = "20200702", "20200702\20200702.vcxproj", "{F451B31F-0C93-4288-8F63-4D3C4398B24F}"
EndProject
Global
	GlobalSection(SolutionConfigurationPlatforms) = preSolution
		Debug|x64 = Debug|x64
		Debug|x86 = Debug|x86
		Release|x64 = Release|x64
		Release|x86 = Release|x86
	EndGlobalSection
	GlobalSection(ProjectConfigurationPlatforms) = postSolution
		{F451B31F-0C93-4288-8F63-4D3C4398B24F}.Debug|x64.ActiveCfg = Debug|x64
		{F451B31F-0C93-4288-8F63-4D3C4398B24F}.Debug|x64.Build.0 = Debug|x64
		{F451B31F-0C93-4288-8F63-4D3C4398B24F}.Debug|x86.ActiveCfg = Debug|Win32
		{F451B31F-0C93-4288-8F63-4D3C4398B24F}.Debug|x86.Build.0 = Debug|Win32
		{F451B31F-0C93-4288-8F63-4D3C4398B24F}.Release|x64.ActiveCfg = Release|x64
		{F451B31F-0C93-4288-8F63-4D3C4398B24F}.Release|x64.Build.0 = Release|x64
		{F451B31F-0C93-4288-8F63-4D3C4398B24F}.Release|x86.ActiveCfg = Release|Win32
		{F451B31F-0C93-4288-8F63-4D3C4398B24F}.Release|x86.Build.0 = Release|Win32
	EndGlobalSection
	GlobalSection(SolutionProperties) = preSolution
		HideSolutionNode = FALSE
	EndGlobalSection
	GlobalSection(ExtensibilityGlobals) = postSolution
		SolutionGuid = {38D2734B-792A-4018-B6CA-00A98E89019D}
	EndGlobalSection
EndGlobal
